version = 1
revision = 1
requires-python = ">=3.13"

[[package]]
name = "asgiref"
version = "3.8.1"
source = { registry = "https://pypi.org/simple" }
sdist = { url = "https://files.pythonhosted.org/packages/29/38/b3395cc9ad1b56d2ddac9970bc8f4141312dbaec28bc7c218b0dfafd0f42/asgiref-3.8.1.tar.gz", hash = "sha256:c343bd80a0bec947a9860adb4c432ffa7db769836c64238fc34bdc3fec84d590", size = 35186 }
wheels = [
    { url = "https://files.pythonhosted.org/packages/39/e3/893e8757be2612e6c266d9bb58ad2e3651524b5b40cf56761e985a28b13e/asgiref-3.8.1-py3-none-any.whl", hash = "sha256:3e1e3ecc849832fe52ccf2cb6686b7a55f82bb1d6aee72a58826471390335e47", size = 23828 },
]

[[package]]
name = "click"
version = "8.1.8"
source = { registry = "https://pypi.org/simple" }
dependencies = [
    { name = "colorama", marker = "sys_platform == 'win32'" },
]
sdist = { url = "https://files.pythonhosted.org/packages/b9/2e/0090cbf739cee7d23781ad4b89a9894a41538e4fcf4c31dcdd705b78eb8b/click-8.1.8.tar.gz", hash = "sha256:ed53c9d8990d83c2a27deae68e4ee337473f6330c040a31d4225c9574d16096a", size = 226593 }
wheels = [
    { url = "https://files.pythonhosted.org/packages/7e/d4/7ebdbd03970677812aac39c869717059dbb71a4cfc033ca6e5221787892c/click-8.1.8-py3-none-any.whl", hash = "sha256:63c132bbbed01578a06712a2d1f497bb62d9c1c0d329b7903a866228027263b2", size = 98188 },
]

[[package]]
name = "colorama"
version = "0.4.6"
source = { registry = "https://pypi.org/simple" }
sdist = { url = "https://files.pythonhosted.org/packages/d8/53/6f443c9a4a8358a93a6792e2acffb9d9d5cb0a5cfd8802644b7b1c9a02e4/colorama-0.4.6.tar.gz", hash = "sha256:08695f5cb7ed6e0531a20572697297273c47b8cae5a63ffc6d6ed5c201be6e44", size = 27697 }
wheels = [
    { url = "https://files.pythonhosted.org/packages/d1/d6/3965ed04c63042e047cb6a3e6ed1a63a35087b6a609aa3a15ed8ac56c221/colorama-0.4.6-py2.py3-none-any.whl", hash = "sha256:4f1d9991f5acc0ca119f9d443620b77f9d6b33703e51011c16baf57afb285fc6", size = 25335 },
]

[[package]]
name = "django"
version = "5.1.7"
source = { registry = "https://pypi.org/simple" }
dependencies = [
    { name = "asgiref" },
    { name = "sqlparse" },
    { name = "tzdata", marker = "sys_platform == 'win32'" },
]
sdist = { url = "https://files.pythonhosted.org/packages/5f/57/11186e493ddc5a5e92cc7924a6363f7d4c2b645f7d7cb04a26a63f9bfb8b/Django-5.1.7.tar.gz", hash = "sha256:30de4ee43a98e5d3da36a9002f287ff400b43ca51791920bfb35f6917bfe041c", size = 10716510 }
wheels = [
    { url = "https://files.pythonhosted.org/packages/ba/0f/7e042df3d462d39ae01b27a09ee76653692442bc3701fbfa6cb38e12889d/Django-5.1.7-py3-none-any.whl", hash = "sha256:1323617cb624add820cb9611cdcc788312d250824f92ca6048fda8625514af2b", size = 8276912 },
]

[[package]]
name = "django-environ"
version = "0.12.0"
source = { registry = "https://pypi.org/simple" }
sdist = { url = "https://files.pythonhosted.org/packages/d6/04/65d2521842c42f4716225f20d8443a50804920606aec018188bbee30a6b0/django_environ-0.12.0.tar.gz", hash = "sha256:227dc891453dd5bde769c3449cf4a74b6f2ee8f7ab2361c93a07068f4179041a", size = 56804 }
wheels = [
    { url = "https://files.pythonhosted.org/packages/83/b3/0a3bec4ecbfee960f39b1842c2f91e4754251e0a6ed443db9fe3f666ba8f/django_environ-0.12.0-py2.py3-none-any.whl", hash = "sha256:92fb346a158abda07ffe6eb23135ce92843af06ecf8753f43adf9d2366dcc0ca", size = 19957 },
]

[[package]]
name = "exam"
version = "0.1.0"
source = { virtual = "." }
dependencies = [
    { name = "django" },
    { name = "django-environ" },
    { name = "granian" },
    { name = "psycopg2-binary" },
]

[package.metadata]
requires-dist = [
    { name = "django", specifier = ">=5.1.7" },
    { name = "django-environ", specifier = ">=0.12.0" },
    { name = "granian", specifier = ">=2.1.1" },
    { name = "psycopg2-binary", specifier = ">=2.9.10" },
]

[[package]]
name = "granian"
version = "2.1.1"
source = { registry = "https://pypi.org/simple" }
dependencies = [
    { name = "click" },
]
sdist = { url = "https://files.pythonhosted.org/packages/f2/74/f30dd0164b9455555a4e23ca3065e3fabb069cf5706b157d21e926c1e526/granian-2.1.1.tar.gz", hash = "sha256:c8f6d10b2e8689455c4bef9736590a01f8fdfeb9171e337c7a95554dfee70d50", size = 93412 }
wheels = [
    { url = "https://files.pythonhosted.org/packages/fd/60/c2b7ca9fe598a34ddbd8fd4d2e303355eede43eea8d0f38909860b323f1c/granian-2.1.1-cp313-cp313-macosx_10_12_x86_64.whl", hash = "sha256:5ce99623a5958dac879bca8157dbaf8d3d02e3a78ac6c7fc3858a9fa075cc4c1", size = 2854789 },
    { url = "https://files.pythonhosted.org/packages/1a/16/8c90bd4b3b06eafda6c2db74ae9fee0440c22d32e010659c0e0d0ea4a46f/granian-2.1.1-cp313-cp313-macosx_11_0_arm64.whl", hash = "sha256:81281b40c9bd26dcb99bc867e91b8ef06e4c5af52ac276d7a33d3521ad560f79", size = 2620510 },
    { url = "https://files.pythonhosted.org/packages/ff/66/c4546dfff3f15835350d5632a83da7c8992a4ad7850ba5655b4757d9e3f1/granian-2.1.1-cp313-cp313-manylinux_2_17_aarch64.manylinux2014_aarch64.whl", hash = "sha256:4abe412fde24f3ac6655882bbdde750b4eb1125ce6c74d513319ffeda01dd0a4", size = 2959365 },
    { url = "https://files.pythonhosted.org/packages/74/4a/bfbc265f8dabecfc9282ca48f7088680c960e8728612922279dd963239e6/granian-2.1.1-cp313-cp313-manylinux_2_17_x86_64.manylinux2014_x86_64.whl", hash = "sha256:3a2b72e68536f47146b0063a28c025fbd9c93cc2d136df168277dcb392b535a7", size = 3056842 },
    { url = "https://files.pythonhosted.org/packages/fb/fe/24a2088d12ee2cb34f8906f452e7aded77c4fde390cf28bf8b9f85a9e44b/granian-2.1.1-cp313-cp313-musllinux_1_1_aarch64.whl", hash = "sha256:41ad80b5b7391876793c7b71972baa942c83e8ac8f08d1c70b33cab2fae13e0c", size = 2908065 },
    { url = "https://files.pythonhosted.org/packages/85/1d/6bc7739d356861a290dbf2ea073b1e679782fc2ed00ce6945519b5937087/granian-2.1.1-cp313-cp313-musllinux_1_1_x86_64.whl", hash = "sha256:01bc36529c127bf13401d0c4d563c7a104dccbc2b222e398265f89622bb6dfd4", size = 3001880 },
    { url = "https://files.pythonhosted.org/packages/a0/1e/944e2788b7d97ddb2622c19b4eb280ed732a74988751d4c1015cd6c576b6/granian-2.1.1-cp313-cp313-win_amd64.whl", hash = "sha256:fed892c45c5e22ace19a4f84d724e0bc49471163a1ddfa557aef336cfb87cb3d", size = 2609270 },
    { url = "https://files.pythonhosted.org/packages/d6/e9/892918d39ff6e1628e5643e0bbd901921f97159fd097afa7712f09246cae/granian-2.1.1-cp313-cp313t-macosx_10_12_x86_64.whl", hash = "sha256:1cc431b0929ba56cf0fa6232292523a4a866a4cc4ec09351cfa6ff5ae5ba86e8", size = 2722838 },
    { url = "https://files.pythonhosted.org/packages/3e/9f/7c7c5ab041821434465e6eaa2f5f8a1c5ca629efd86755c623fbc0628b14/granian-2.1.1-cp313-cp313t-macosx_11_0_arm64.whl", hash = "sha256:438c4af6a6c9d97014dad57931c36603f1f95403798db4ed2deed296991488a5", size = 2475737 },
    { url = "https://files.pythonhosted.org/packages/09/9d/c2dc8b98643fdcce09787f1b3bd9b1348abf13d5c8f3d73f4ccf87bd0965/granian-2.1.1-cp313-cp313t-manylinux_2_17_aarch64.manylinux2014_aarch64.whl", hash = "sha256:49bdf14847b2cdb20b7995dcb18626101110ac7da29155d5ea2ec33c7ca3bcba", size = 2731986 },
    { url = "https://files.pythonhosted.org/packages/13/da/b52e70184838b5b70f94f970301608b5ede9b8314cec65772e3e959d8900/granian-2.1.1-cp313-cp313t-manylinux_2_17_x86_64.manylinux2014_x86_64.whl", hash = "sha256:fecd3aa80b8e079a189a65d49de9e878fe8ffab4672535f2c00ac67f64d009ad", size = 2827178 },
    { url = "https://files.pythonhosted.org/packages/c3/c6/d9cc9d2ae8ea9db3a01b9be1d04d9faed7d8e2d095981d6d85a07befe7d5/granian-2.1.1-cp313-cp313t-musllinux_1_1_aarch64.whl", hash = "sha256:7b7f14ffb2e5a66cdadd624260b192699e6c44367911e237e28eb293d6345da9", size = 2898889 },
    { url = "https://files.pythonhosted.org/packages/eb/c0/1c17640eac7205c1666063c043a16edadec5d7a42d437ec425ccb3be7955/granian-2.1.1-cp313-cp313t-musllinux_1_1_x86_64.whl", hash = "sha256:31dfa5fb77f03ff1b5196e9643a8cb55b4e5f3ab07606d7d03f94da17f4701a5", size = 2996420 },
    { url = "https://files.pythonhosted.org/packages/11/04/a43111bbd41a47f28d9f3fc30eab750aa7e0eded4b593b368dd1357035ef/granian-2.1.1-cp313-cp313t-win_amd64.whl", hash = "sha256:dd1ea5f44a9c6917a009ed78b9c4b56f6513e2ce0024a7f13a3a5a2e39fbaa38", size = 2535520 },
]

[[package]]
name = "psycopg2-binary"
version = "2.9.10"
source = { registry = "https://pypi.org/simple" }
sdist = { url = "https://files.pythonhosted.org/packages/cb/0e/bdc8274dc0585090b4e3432267d7be4dfbfd8971c0fa59167c711105a6bf/psycopg2-binary-2.9.10.tar.gz", hash = "sha256:4b3df0e6990aa98acda57d983942eff13d824135fe2250e6522edaa782a06de2", size = 385764 }
wheels = [
    { url = "https://files.pythonhosted.org/packages/3e/30/d41d3ba765609c0763505d565c4d12d8f3c79793f0d0f044ff5a28bf395b/psycopg2_binary-2.9.10-cp313-cp313-macosx_12_0_x86_64.whl", hash = "sha256:26540d4a9a4e2b096f1ff9cce51253d0504dca5a85872c7f7be23be5a53eb18d", size = 3044699 },
    { url = "https://files.pythonhosted.org/packages/35/44/257ddadec7ef04536ba71af6bc6a75ec05c5343004a7ec93006bee66c0bc/psycopg2_binary-2.9.10-cp313-cp313-macosx_14_0_arm64.whl", hash = "sha256:e217ce4d37667df0bc1c397fdcd8de5e81018ef305aed9415c3b093faaeb10fb", size = 3275245 },
    { url = "https://files.pythonhosted.org/packages/1b/11/48ea1cd11de67f9efd7262085588790a95d9dfcd9b8a687d46caf7305c1a/psycopg2_binary-2.9.10-cp313-cp313-manylinux_2_17_aarch64.manylinux2014_aarch64.whl", hash = "sha256:245159e7ab20a71d989da00f280ca57da7641fa2cdcf71749c193cea540a74f7", size = 2851631 },
    { url = "https://files.pythonhosted.org/packages/62/e0/62ce5ee650e6c86719d621a761fe4bc846ab9eff8c1f12b1ed5741bf1c9b/psycopg2_binary-2.9.10-cp313-cp313-manylinux_2_17_i686.manylinux2014_i686.whl", hash = "sha256:3c4ded1a24b20021ebe677b7b08ad10bf09aac197d6943bfe6fec70ac4e4690d", size = 3082140 },
    { url = "https://files.pythonhosted.org/packages/27/ce/63f946c098611f7be234c0dd7cb1ad68b0b5744d34f68062bb3c5aa510c8/psycopg2_binary-2.9.10-cp313-cp313-manylinux_2_17_ppc64le.manylinux2014_ppc64le.whl", hash = "sha256:3abb691ff9e57d4a93355f60d4f4c1dd2d68326c968e7db17ea96df3c023ef73", size = 3264762 },
    { url = "https://files.pythonhosted.org/packages/43/25/c603cd81402e69edf7daa59b1602bd41eb9859e2824b8c0855d748366ac9/psycopg2_binary-2.9.10-cp313-cp313-manylinux_2_17_x86_64.manylinux2014_x86_64.whl", hash = "sha256:8608c078134f0b3cbd9f89b34bd60a943b23fd33cc5f065e8d5f840061bd0673", size = 3020967 },
    { url = "https://files.pythonhosted.org/packages/5f/d6/8708d8c6fca531057fa170cdde8df870e8b6a9b136e82b361c65e42b841e/psycopg2_binary-2.9.10-cp313-cp313-musllinux_1_2_aarch64.whl", hash = "sha256:230eeae2d71594103cd5b93fd29d1ace6420d0b86f4778739cb1a5a32f607d1f", size = 2872326 },
    { url = "https://files.pythonhosted.org/packages/ce/ac/5b1ea50fc08a9df82de7e1771537557f07c2632231bbab652c7e22597908/psycopg2_binary-2.9.10-cp313-cp313-musllinux_1_2_i686.whl", hash = "sha256:bb89f0a835bcfc1d42ccd5f41f04870c1b936d8507c6df12b7737febc40f0909", size = 2822712 },
    { url = "https://files.pythonhosted.org/packages/c4/fc/504d4503b2abc4570fac3ca56eb8fed5e437bf9c9ef13f36b6621db8ef00/psycopg2_binary-2.9.10-cp313-cp313-musllinux_1_2_ppc64le.whl", hash = "sha256:f0c2d907a1e102526dd2986df638343388b94c33860ff3bbe1384130828714b1", size = 2920155 },
    { url = "https://files.pythonhosted.org/packages/b2/d1/323581e9273ad2c0dbd1902f3fb50c441da86e894b6e25a73c3fda32c57e/psycopg2_binary-2.9.10-cp313-cp313-musllinux_1_2_x86_64.whl", hash = "sha256:f8157bed2f51db683f31306aa497311b560f2265998122abe1dce6428bd86567", size = 2959356 },
    { url = "https://files.pythonhosted.org/packages/08/50/d13ea0a054189ae1bc21af1d85b6f8bb9bbc5572991055d70ad9006fe2d6/psycopg2_binary-2.9.10-cp313-cp313-win_amd64.whl", hash = "sha256:27422aa5f11fbcd9b18da48373eb67081243662f9b46e6fd07c3eb46e4535142", size = 2569224 },
]

[[package]]
name = "sqlparse"
version = "0.5.3"
source = { registry = "https://pypi.org/simple" }
sdist = { url = "https://files.pythonhosted.org/packages/e5/40/edede8dd6977b0d3da179a342c198ed100dd2aba4be081861ee5911e4da4/sqlparse-0.5.3.tar.gz", hash = "sha256:09f67787f56a0b16ecdbde1bfc7f5d9c3371ca683cfeaa8e6ff60b4807ec9272", size = 84999 }
wheels = [
    { url = "https://files.pythonhosted.org/packages/a9/5c/bfd6bd0bf979426d405cc6e71eceb8701b148b16c21d2dc3c261efc61c7b/sqlparse-0.5.3-py3-none-any.whl", hash = "sha256:cf2196ed3418f3ba5de6af7e82c694a9fbdbfecccdfc72e281548517081f16ca", size = 44415 },
]

[[package]]
name = "tzdata"
version = "2025.1"
source = { registry = "https://pypi.org/simple" }
sdist = { url = "https://files.pythonhosted.org/packages/43/0f/fa4723f22942480be4ca9527bbde8d43f6c3f2fe8412f00e7f5f6746bc8b/tzdata-2025.1.tar.gz", hash = "sha256:24894909e88cdb28bd1636c6887801df64cb485bd593f2fd83ef29075a81d694", size = 194950 }
wheels = [
    { url = "https://files.pythonhosted.org/packages/0f/dd/84f10e23edd882c6f968c21c2434fe67bd4a528967067515feca9e611e5e/tzdata-2025.1-py2.py3-none-any.whl", hash = "sha256:7e127113816800496f027041c570f50bcd464a020098a3b6b199517772303639", size = 346762 },
]
